
Microsoft Visual Studio Solution File, Format Version 12.00
# Visual Studio 14
VisualStudioVersion = 14.0.23107.0
MinimumVisualStudioVersion = 10.0.40219.1
Project("{FAE04EC0-301F-11D3-BF4B-00C04F79EFBC}") = "WebMVC", "WebMVC\WebMVC.csproj", "{5FD029F8-C1CC-4710-94BB-B1784E98AA92}"
EndProject
Project("{FAE04EC0-301F-11D3-BF4B-00C04F79EFBC}") = "DAL", "DAL\DAL.csproj", "{7A95CF0D-F891-4E66-9D8E-0680FEC162A7}"
EndProject
Project("{FAE04EC0-301F-11D3-BF4B-00C04F79EFBC}") = "UDPServer", "UDPServer\UDPServer.csproj", "{DBAD3094-C6FA-4A62-B807-BED3AE69FBC3}"
EndProject
Project("{FAE04EC0-301F-11D3-BF4B-00C04F79EFBC}") = "UDPTestUIWPF", "UDPTestUIWPF\UDPTestUIWPF.csproj", "{D979642B-5BC8-44A7-8CB6-6FE516E59C02}"
EndProject
Project("{FAE04EC0-301F-11D3-BF4B-00C04F79EFBC}") = "TestMessageSender", "C:\Users\qdimka1991\Desktop\Новая папка\TestMessageSender\TestMessageSender.csproj", "{892D742D-0AE9-4205-A80A-DBB59C6B57F3}"
EndProject
Global
	GlobalSection(SolutionConfigurationPlatforms) = preSolution
		Debug|Any CPU = Debug|Any CPU
		Release|Any CPU = Release|Any CPU
	EndGlobalSection
	GlobalSection(ProjectConfigurationPlatforms) = postSolution
		{5FD029F8-C1CC-4710-94BB-B1784E98AA92}.Debug|Any CPU.ActiveCfg = Debug|Any CPU
		{5FD029F8-C1CC-4710-94BB-B1784E98AA92}.Debug|Any CPU.Build.0 = Debug|Any CPU
		{5FD029F8-C1CC-4710-94BB-B1784E98AA92}.Release|Any CPU.ActiveCfg = Release|Any CPU
		{5FD029F8-C1CC-4710-94BB-B1784E98AA92}.Release|Any CPU.Build.0 = Release|Any CPU
		{7A95CF0D-F891-4E66-9D8E-0680FEC162A7}.Debug|Any CPU.ActiveCfg = Debug|Any CPU
		{7A95CF0D-F891-4E66-9D8E-0680FEC162A7}.Debug|Any CPU.Build.0 = Debug|Any CPU
		{7A95CF0D-F891-4E66-9D8E-0680FEC162A7}.Release|Any CPU.ActiveCfg = Release|Any CPU
		{7A95CF0D-F891-4E66-9D8E-0680FEC162A7}.Release|Any CPU.Build.0 = Release|Any CPU
		{DBAD3094-C6FA-4A62-B807-BED3AE69FBC3}.Debug|Any CPU.ActiveCfg = Debug|Any CPU
		{DBAD3094-C6FA-4A62-B807-BED3AE69FBC3}.Debug|Any CPU.Build.0 = Debug|Any CPU
		{DBAD3094-C6FA-4A62-B807-BED3AE69FBC3}.Release|Any CPU.ActiveCfg = Release|Any CPU
		{DBAD3094-C6FA-4A62-B807-BED3AE69FBC3}.Release|Any CPU.Build.0 = Release|Any CPU
		{D979642B-5BC8-44A7-8CB6-6FE516E59C02}.Debug|Any CPU.ActiveCfg = Debug|Any CPU
		{D979642B-5BC8-44A7-8CB6-6FE516E59C02}.Debug|Any CPU.Build.0 = Debug|Any CPU
		{D979642B-5BC8-44A7-8CB6-6FE516E59C02}.Release|Any CPU.ActiveCfg = Release|Any CPU
		{D979642B-5BC8-44A7-8CB6-6FE516E59C02}.Release|Any CPU.Build.0 = Release|Any CPU
		{892D742D-0AE9-4205-A80A-DBB59C6B57F3}.Debug|Any CPU.ActiveCfg = Debug|Any CPU
		{892D742D-0AE9-4205-A80A-DBB59C6B57F3}.Debug|Any CPU.Build.0 = Debug|Any CPU
		{892D742D-0AE9-4205-A80A-DBB59C6B57F3}.Release|Any CPU.ActiveCfg = Release|Any CPU
		{892D742D-0AE9-4205-A80A-DBB59C6B57F3}.Release|Any CPU.Build.0 = Release|Any CPU
	EndGlobalSection
	GlobalSection(SolutionProperties) = preSolution
		HideSolutionNode = FALSE
	EndGlobalSection
EndGlobal
